// !$*UTF8*$!
{
	archiveVersion = 1;
	classes = {
	};
	objectVersion = 70;
	objects = {

/* Begin PBXBuildFile section */
		GGMAPBOX000000000000001 /* MapboxMaps in Frameworks */ = {isa = PBXBuildFile; productRef = GGMAPBOX000000000000002 /* MapboxMaps */; };
		GGSUMSUB000000000000001 /* IdensicMobileSDK in Frameworks */ = {isa = PBXBuildFile; productRef = GGSUMSUB000000000000002 /* IdensicMobileSDK */; };
		GGNSE00000000000000001 /* LibSignalClient in Frameworks */ = {isa = PBXBuildFile; productRef = GGNSE00000000000000002 /* LibSignalClient */; };
		GGNSE00000000000000003 /* GojoGoNotificationService.appex in Embed Foundation Extensions */ = {isa = PBXBuildFile; fileRef = GGNSE00000000000000004 /* GojoGoNotificationService.appex */; settings = {ATTRIBUTES = (RemoveHeadersOnCopy, ); }; };
/* End PBXBuildFile section */

/* Begin PBXContainerItemProxy section */
		GGNSE0000000000000000D /* PBXContainerItemProxy */ = {
			isa = PBXContainerItemProxy;
			containerPortal = GG00000000000000000000 /* Project object */;
			proxyType = 1;
			remoteGlobalIDString = GGNSE00000000000000009;
			remoteInfo = GojoGoNotificationService;
		};
/* End PBXContainerItemProxy section */

/* Begin PBXCopyFilesBuildPhase section */
		GGNSE00000000000000006 /* Embed Foundation Extensions */ = {
			isa = PBXCopyFilesBuildPhase;
			buildActionMask = 2147483647;
			dstPath = "";
			dstSubfolderSpec = 13;
			files = (
				GGNSE00000000000000003 /* GojoGoNotificationService.appex in Embed Foundation Extensions */,
			);
			name = "Embed Foundation Extensions";
			runOnlyForDeploymentPostprocessing = 0;
		};
/* End PBXCopyFilesBuildPhase section */

/* Begin PBXFileReference section */
		GGNSE00000000000000004 /* GojoGoNotificationService.appex */ = {isa = PBXFileReference; explicitFileType = "wrapper.app-extension"; includeInIndex = 0; path = GojoGoNotificationService.appex; sourceTree = BUILT_PRODUCTS_DIR; };
/* End PBXFileReference section */

/* Begin PBXFileSystemSynchronizedRootGroup section */
		GG00000000000000000002 /* GojoGo */ = {isa = PBXFileSystemSynchronizedRootGroup; explicitFileTypes = {}; explicitFolders = (); path = GojoGo; sourceTree = "<group>"; };
		GGSHARED000000000000001 /* GojoGoShared */ = {isa = PBXFileSystemSynchronizedRootGroup; explicitFileTypes = {}; explicitFolders = (); path = GojoGoShared; sourceTree = "<group>"; };
		GGNSE00000000000000005 /* GojoGoNotificationService */ = {isa = PBXFileSystemSynchronizedRootGroup; explicitFileTypes = {}; explicitFolders = (); path = GojoGoNotificationService; sourceTree = "<group>"; };
/* End PBXFileSystemSynchronizedRootGroup section */

/* Begin PBXFrameworksBuildPhase section */
		GG00000000000000000003 /* Frameworks */ = {
			isa = PBXFrameworksBuildPhase;
			buildActionMask = 2147483647;
			files = (
				GGMAPBOX000000000000001 /* MapboxMaps in Frameworks */,
				GGSUMSUB000000000000001 /* IdensicMobileSDK in Frameworks */,
			);
			runOnlyForDeploymentPostprocessing = 0;
		};
		GGNSE00000000000000007 /* Frameworks */ = {
			isa = PBXFrameworksBuildPhase;
			buildActionMask = 2147483647;
			files = (
				GGNSE00000000000000001 /* LibSignalClient in Frameworks */,
			);
			runOnlyForDeploymentPostprocessing = 0;
		};
/* End PBXFrameworksBuildPhase section */

/* Begin PBXGroup section */
		GG00000000000000000001 = {
			isa = PBXGroup;
			children = (
				GG00000000000000000002 /* GojoGo */,
				GGSHARED000000000000001 /* GojoGoShared */,
				GGNSE00000000000000005 /* GojoGoNotificationService */,
				GG00000000000000000005 /* Products */,
			);
			sourceTree = "<group>";
		};
		GG00000000000000000005 /* Products */ = {
			isa = PBXGroup;
			children = (
				GGNSE00000000000000004 /* GojoGoNotificationService.appex */,
			);
			name = Products;
			sourceTree = "<group>";
		};
/* End PBXGroup section */

/* Begin PBXNativeTarget section */
		GG00000000000000000006 /* GojoGo */ = {
			isa = PBXNativeTarget;
			buildConfigurationList = GG00000000000000000009 /* Build configuration list for PBXNativeTarget "GojoGo" */;
			buildPhases = (
				GG00000000000000000007 /* Sources */,
				GG00000000000000000003 /* Frameworks */,
				GG00000000000000000008 /* Resources */,
				GGNSE00000000000000006 /* Embed Foundation Extensions */,
			);
			buildRules = (
			);
			dependencies = (
				GGNSE00000000000000008 /* PBXTargetDependency */,
			);
			fileSystemSynchronizedGroups = (
				GG00000000000000000002 /* GojoGo */,
				GGSHARED000000000000001 /* GojoGoShared */,
			);
			name = GojoGo;
			packageProductDependencies = (
				GGSIGNAL000000000000002 /* LibSignalClient */,
				GGMAPBOX000000000000002 /* MapboxMaps */,
				GGSUMSUB000000000000002 /* IdensicMobileSDK */,
			);
			productName = GojoGo;
			productType = "com.apple.product-type.application";
		};
		GGNSE00000000000000009 /* GojoGoNotificationService */ = {
			isa = PBXNativeTarget;
			buildConfigurationList = GGNSE0000000000000000A /* Build configuration list for PBXNativeTarget "GojoGoNotificationService" */;
			buildPhases = (
				GGNSE0000000000000000B /* Sources */,
				GGNSE00000000000000007 /* Frameworks */,
				GGNSE0000000000000000C /* Resources */,
			);
			buildRules = (
			);
			dependencies = (
			);
			fileSystemSynchronizedGroups = (
				GGNSE00000000000000005 /* GojoGoNotificationService */,
				GGSHARED000000000000001 /* GojoGoShared */,
			);
			name = GojoGoNotificationService;
			packageProductDependencies = (
				GGNSE00000000000000002 /* LibSignalClient */,
			);
			productName = GojoGoNotificationService;
			productReference = GGNSE00000000000000004 /* GojoGoNotificationService.appex */;
			productType = "com.apple.product-type.app-extension";
		};
/* End PBXNativeTarget section */

/* Begin PBXProject section */
		GG00000000000000000000 /* Project object */ = {
			isa = PBXProject;
			attributes = {
				BuildIndependentTargetsInParallel = 1;
				LastSwiftUpdateCheck = 1600;
				LastUpgradeCheck = 2620;
				TargetAttributes = {
					GG00000000000000000006 = {
						CreatedOnToolsVersion = 16.0;
					};
					GGNSE00000000000000009 = {
						CreatedOnToolsVersion = 16.0;
					};
				};
			};
			buildConfigurationList = GG0000000000000000000A /* Build configuration list for PBXProject "GojoGo" */;
			compatibilityVersion = "Xcode 15.0";
			developmentRegion = en;
			hasScannedForEncodings = 0;
			knownRegions = (
				en,
				Base,
			);
			mainGroup = GG00000000000000000001;
			packageReferences = (
				GGSIGNAL000000000000003 /* XCLocalSwiftPackageReference "Vendor/LibSignalClient" */,
				GGMAPBOX000000000000003 /* XCRemoteSwiftPackageReference "mapbox-maps-ios" */,
				GGSUMSUB000000000000003 /* XCRemoteSwiftPackageReference "IdensicMobileSDK-iOS" */,
			);
			productRefGroup = GG00000000000000000005 /* Products */;
			projectDirPath = "";
			projectRoot = "";
			targets = (
				GG00000000000000000006 /* GojoGo */,
				GGNSE00000000000000009 /* GojoGoNotificationService */,
			);
		};
/* End PBXProject section */

/* Begin PBXResourcesBuildPhase section */
		GG00000000000000000008 /* Resources */ = {
			isa = PBXResourcesBuildPhase;
			buildActionMask = 2147483647;
			files = (
			);
			runOnlyForDeploymentPostprocessing = 0;
		};
		GGNSE0000000000000000C /* Resources */ = {
			isa = PBXResourcesBuildPhase;
			buildActionMask = 2147483647;
			files = (
			);
			runOnlyForDeploymentPostprocessing = 0;
		};
/* End PBXResourcesBuildPhase section */

/* Begin PBXSourcesBuildPhase section */
		GG00000000000000000007 /* Sources */ = {
			isa = PBXSourcesBuildPhase;
			buildActionMask = 2147483647;
			files = (
			);
			runOnlyForDeploymentPostprocessing = 0;
		};
		GGNSE0000000000000000B /* Sources */ = {
			isa = PBXSourcesBuildPhase;
			buildActionMask = 2147483647;
			files = (
			);
			runOnlyForDeploymentPostprocessing = 0;
		};
/* End PBXSourcesBuildPhase section */

/* Begin PBXTargetDependency section */
		GGNSE00000000000000008 /* PBXTargetDependency */ = {
			isa = PBXTargetDependency;
			target = GGNSE00000000000000009 /* GojoGoNotificationService */;
			targetProxy = GGNSE0000000000000000D /* PBXContainerItemProxy */;
		};
/* End PBXTargetDependency section */

/* Begin XCBuildConfiguration section */
		GG0000000000000000000B /* Debug */ = {
			isa = XCBuildConfiguration;
			buildSettings = {
				ALWAYS_SEARCH_USER_PATHS = NO;
				ASSETCATALOG_COMPILER_GENERATE_SWIFT_ASSET_SYMBOL_EXTENSIONS = YES;
				CLANG_ANALYZER_NONNULL = YES;
				CLANG_ANALYZER_NUMBER_OBJECT_CONVERSION = YES_AGGRESSIVE;
				CLANG_CXX_LANGUAGE_STANDARD = "gnu++20";
				CLANG_ENABLE_MODULES = YES;
				CLANG_ENABLE_OBJC_ARC = YES;
				CLANG_ENABLE_OBJC_WEAK = YES;
				CLANG_WARN_BLOCK_CAPTURE_AUTORELEASING = YES;
				CLANG_WARN_BOOL_CONVERSION = YES;
				CLANG_WARN_COMMA = YES;
				CLANG_WARN_CONSTANT_CONVERSION = YES;
				CLANG_WARN_DEPRECATED_OBJC_IMPLEMENTATIONS = YES;
				CLANG_WARN_DIRECT_OBJC_ISA_USAGE = YES_ERROR;
				CLANG_WARN_DOCUMENTATION_COMMENTS = YES;
				CLANG_WARN_EMPTY_BODY = YES;
				CLANG_WARN_ENUM_CONVERSION = YES;
				CLANG_WARN_INFINITE_RECURSION = YES;
				CLANG_WARN_INT_CONVERSION = YES;
				CLANG_WARN_NON_LITERAL_NULL_CONVERSION = YES;
				CLANG_WARN_OBJC_IMPLICIT_RETAIN_SELF = YES;
				CLANG_WARN_OBJC_LITERAL_CONVERSION = YES;
				CLANG_WARN_OBJC_ROOT_CLASS = YES_ERROR;
				CLANG_WARN_QUOTED_INCLUDE_IN_FRAMEWORK_HEADER = YES;
				CLANG_WARN_RANGE_LOOP_ANALYSIS = YES;
				CLANG_WARN_STRICT_PROTOTYPES = YES;
				CLANG_WARN_SUSPICIOUS_MOVE = YES;
				CLANG_WARN_UNGUARDED_AVAILABILITY = YES_AGGRESSIVE;
				CLANG_WARN_UNREACHABLE_CODE = YES;
				CLANG_WARN__DUPLICATE_METHOD_MATCH = YES;
				COPY_PHASE_STRIP = NO;
				DEBUG_INFORMATION_FORMAT = dwarf;
				DEVELOPMENT_TEAM = T8348X4CNY;
				ENABLE_STRICT_OBJC_MSGSEND = YES;
				ENABLE_TESTABILITY = YES;
				ENABLE_USER_SCRIPT_SANDBOXING = YES;
				GCC_C_LANGUAGE_STANDARD = gnu17;
				GCC_DYNAMIC_NO_PIC = NO;
				GCC_NO_COMMON_BLOCKS = YES;
				GCC_OPTIMIZATION_LEVEL = 0;
				GCC_PREPROCESSOR_DEFINITIONS = (
					"DEBUG=1",
					"$(inherited)",
				);
				GCC_WARN_64_TO_32_BIT_CONVERSION = YES;
				GCC_WARN_ABOUT_RETURN_TYPE = YES_ERROR;
				GCC_WARN_UNDECLARED_SELECTOR = YES;
				GCC_WARN_UNINITIALIZED_AUTOS = YES_AGGRESSIVE;
				GCC_WARN_UNUSED_FUNCTION = YES;
				GCC_WARN_UNUSED_VARIABLE = YES;
				IPHONEOS_DEPLOYMENT_TARGET = 17.0;
				LOCALIZATION_PREFERS_STRING_CATALOGS = YES;
				MTL_ENABLE_DEBUG_INFO = INCLUDE_SOURCE;
				MTL_FAST_MATH = YES;
				ONLY_ACTIVE_ARCH = YES;
				SDKROOT = iphoneos;
				STRING_CATALOG_GENERATE_SYMBOLS = YES;
				SWIFT_ACTIVE_COMPILATION_CONDITIONS = "DEBUG $(inherited)";
				SWIFT_OPTIMIZATION_LEVEL = "-Onone";
			};
			name = Debug;
		};
		GG0000000000000000000C /* Release */ = {
			isa = XCBuildConfiguration;
			buildSettings = {
				ALWAYS_SEARCH_USER_PATHS = NO;
				ASSETCATALOG_COMPILER_GENERATE_SWIFT_ASSET_SYMBOL_EXTENSIONS = YES;
				CLANG_ANALYZER_NONNULL = YES;
				CLANG_ANALYZER_NUMBER_OBJECT_CONVERSION = YES_AGGRESSIVE;
				CLANG_CXX_LANGUAGE_STANDARD = "gnu++20";
				CLANG_ENABLE_MODULES = YES;
				CLANG_ENABLE_OBJC_ARC = YES;
				CLANG_ENABLE_OBJC_WEAK = YES;
				CLANG_WARN_BLOCK_CAPTURE_AUTORELEASING = YES;
				CLANG_WARN_BOOL_CONVERSION = YES;
				CLANG_WARN_COMMA = YES;
				CLANG_WARN_CONSTANT_CONVERSION = YES;
				CLANG_WARN_DEPRECATED_OBJC_IMPLEMENTATIONS = YES;
				CLANG_WARN_DIRECT_OBJC_ISA_USAGE = YES_ERROR;
				CLANG_WARN_DOCUMENTATION_COMMENTS = YES;
				CLANG_WARN_EMPTY_BODY = YES;
				CLANG_WARN_ENUM_CONVERSION = YES;
				CLANG_WARN_INFINITE_RECURSION = YES;
				CLANG_WARN_INT_CONVERSION = YES;
				CLANG_WARN_NON_LITERAL_NULL_CONVERSION = YES;
				CLANG_WARN_OBJC_IMPLICIT_RETAIN_SELF = YES;
				CLANG_WARN_OBJC_LITERAL_CONVERSION = YES;
				CLANG_WARN_OBJC_ROOT_CLASS = YES_ERROR;
				CLANG_WARN_QUOTED_INCLUDE_IN_FRAMEWORK_HEADER = YES;
				CLANG_WARN_RANGE_LOOP_ANALYSIS = YES;
				CLANG_WARN_STRICT_PROTOTYPES = YES;
				CLANG_WARN_SUSPICIOUS_MOVE = YES;
				CLANG_WARN_UNGUARDED_AVAILABILITY = YES_AGGRESSIVE;
				CLANG_WARN_UNREACHABLE_CODE = YES;
				CLANG_WARN__DUPLICATE_METHOD_MATCH = YES;
				COPY_PHASE_STRIP = NO;
				DEBUG_INFORMATION_FORMAT = "dwarf-with-dsym";
				DEVELOPMENT_TEAM = T8348X4CNY;
				ENABLE_NS_ASSERTIONS = NO;
				ENABLE_STRICT_OBJC_MSGSEND = YES;
				ENABLE_USER_SCRIPT_SANDBOXING = YES;
				GCC_C_LANGUAGE_STANDARD = gnu17;
				GCC_NO_COMMON_BLOCKS = YES;
				GCC_WARN_64_TO_32_BIT_CONVERSION = YES;
				GCC_WARN_ABOUT_RETURN_TYPE = YES_ERROR;
				GCC_WARN_UNDECLARED_SELECTOR = YES;
				GCC_WARN_UNINITIALIZED_AUTOS = YES_AGGRESSIVE;
				GCC_WARN_UNUSED_FUNCTION = YES;
				GCC_WARN_UNUSED_VARIABLE = YES;
				IPHONEOS_DEPLOYMENT_TARGET = 17.0;
				LOCALIZATION_PREFERS_STRING_CATALOGS = YES;
				MTL_ENABLE_DEBUG_INFO = NO;
				MTL_FAST_MATH = YES;
				SDKROOT = iphoneos;
				STRING_CATALOG_GENERATE_SYMBOLS = YES;
				SWIFT_COMPILATION_MODE = wholemodule;
				VALIDATE_PRODUCT = YES;
			};
			name = Release;
		};
		GG0000000000000000000D /* Debug */ = {
			isa = XCBuildConfiguration;
			buildSettings = {
				ASSETCATALOG_COMPILER_APPICON_NAME = AppIcon;
				ASSETCATALOG_COMPILER_GLOBAL_ACCENT_COLOR_NAME = AccentColor;
				CODE_SIGN_ENTITLEMENTS = GojoGo/GojoGo.entitlements;
				CODE_SIGN_STYLE = Automatic;
				CURRENT_PROJECT_VERSION = 33;
				DEVELOPMENT_TEAM = T8348X4CNY;
				ENABLE_PREVIEWS = YES;
				GENERATE_INFOPLIST_FILE = YES;
				INFOPLIST_KEY_ITSAppUsesNonExemptEncryption = NO;
				INFOPLIST_KEY_NSCameraUsageDescription = "GojoGo uses the camera to take photos and videos for your posts and chats.";
				INFOPLIST_KEY_NSLocationWhenInUseUsageDescription = "GojoGo uses your location to show the map, set your pickup point, and share your location in chats.";
				INFOPLIST_KEY_NSMicrophoneUsageDescription = "GojoGo needs the microphone to record voice messages and audio for your posts.";
				INFOPLIST_KEY_NSPhotoLibraryAddUsageDescription = "GojoGo saves photos and videos from your chats to your library.";
				INFOPLIST_KEY_NSPhotoLibraryUsageDescription = "GojoGo needs your photo library so you can attach a saved photo of your ID when verifying your identity.";
				INFOPLIST_KEY_UIApplicationSceneManifest_Generation = YES;
				INFOPLIST_KEY_UIApplicationSupportsIndirectInputEvents = YES;
				INFOPLIST_KEY_UILaunchScreen_Generation = YES;
				INFOPLIST_KEY_UIStatusBarStyle = UIStatusBarStyleLightContent;
				INFOPLIST_KEY_UISupportedInterfaceOrientations = "UIInterfaceOrientationPortrait UIInterfaceOrientationLandscapeLeft UIInterfaceOrientationLandscapeRight";
				INFOPLIST_KEY_UIUserInterfaceStyle = Dark;
				LD_RUNPATH_SEARCH_PATHS = (
					"$(inherited)",
					"@executable_path/Frameworks",
				);
				"LIBRARY_SEARCH_PATHS[sdk=iphoneos*]" = (
					"$(inherited)",
					"$(PROJECT_DIR)/Vendor/LibSignalClient/lib/device",
				);
				"LIBRARY_SEARCH_PATHS[sdk=iphonesimulator*]" = (
					"$(inherited)",
					"$(PROJECT_DIR)/Vendor/LibSignalClient/lib/simulator",
				);
				MARKETING_VERSION = 1.0.0;
				PRODUCT_BUNDLE_IDENTIFIER = com.gojo.gojogo;
				PRODUCT_NAME = "$(TARGET_NAME)";
				SUPPORTED_PLATFORMS = "iphoneos iphonesimulator";
				SUPPORTS_MACCATALYST = NO;
				SUPPORTS_MAC_DESIGNED_FOR_IPHONE_IPAD = NO;
				SUPPORTS_XR_DESIGNED_FOR_IPHONE_IPAD = NO;
				SWIFT_EMIT_LOC_STRINGS = YES;
				SWIFT_VERSION = 5.0;
				TARGETED_DEVICE_FAMILY = 1;
			};
			name = Debug;
		};
		GG0000000000000000000E /* Release */ = {
			isa = XCBuildConfiguration;
			buildSettings = {
				ASSETCATALOG_COMPILER_APPICON_NAME = AppIcon;
				ASSETCATALOG_COMPILER_GLOBAL_ACCENT_COLOR_NAME = AccentColor;
				CODE_SIGN_ENTITLEMENTS = GojoGo/GojoGo.entitlements;
				CODE_SIGN_STYLE = Automatic;
				CURRENT_PROJECT_VERSION = 33;
				DEVELOPMENT_TEAM = T8348X4CNY;
				ENABLE_PREVIEWS = YES;
				GENERATE_INFOPLIST_FILE = YES;
				INFOPLIST_KEY_ITSAppUsesNonExemptEncryption = NO;
				INFOPLIST_KEY_NSCameraUsageDescription = "GojoGo uses the camera to take photos and videos for your posts and chats.";
				INFOPLIST_KEY_NSLocationWhenInUseUsageDescription = "GojoGo uses your location to show the map, set your pickup point, and share your location in chats.";
				INFOPLIST_KEY_NSMicrophoneUsageDescription = "GojoGo needs the microphone to record voice messages and audio for your posts.";
				INFOPLIST_KEY_NSPhotoLibraryAddUsageDescription = "GojoGo saves photos and videos from your chats to your library.";
				INFOPLIST_KEY_NSPhotoLibraryUsageDescription = "GojoGo needs your photo library so you can attach a saved photo of your ID when verifying your identity.";
				INFOPLIST_KEY_UIApplicationSceneManifest_Generation = YES;
				INFOPLIST_KEY_UIApplicationSupportsIndirectInputEvents = YES;
				INFOPLIST_KEY_UILaunchScreen_Generation = YES;
				INFOPLIST_KEY_UIStatusBarStyle = UIStatusBarStyleLightContent;
				INFOPLIST_KEY_UISupportedInterfaceOrientations = "UIInterfaceOrientationPortrait UIInterfaceOrientationLandscapeLeft UIInterfaceOrientationLandscapeRight";
				INFOPLIST_KEY_UIUserInterfaceStyle = Dark;
				LD_RUNPATH_SEARCH_PATHS = (
					"$(inherited)",
					"@executable_path/Frameworks",
				);
				"LIBRARY_SEARCH_PATHS[sdk=iphoneos*]" = (
					"$(inherited)",
					"$(PROJECT_DIR)/Vendor/LibSignalClient/lib/device",
				);
				"LIBRARY_SEARCH_PATHS[sdk=iphonesimulator*]" = (
					"$(inherited)",
					"$(PROJECT_DIR)/Vendor/LibSignalClient/lib/simulator",
				);
				MARKETING_VERSION = 1.0.0;
				PRODUCT_BUNDLE_IDENTIFIER = com.gojo.gojogo;
				PRODUCT_NAME = "$(TARGET_NAME)";
				SUPPORTED_PLATFORMS = "iphoneos iphonesimulator";
				SUPPORTS_MACCATALYST = NO;
				SUPPORTS_MAC_DESIGNED_FOR_IPHONE_IPAD = NO;
				SUPPORTS_XR_DESIGNED_FOR_IPHONE_IPAD = NO;
				SWIFT_EMIT_LOC_STRINGS = YES;
				SWIFT_VERSION = 5.0;
				TARGETED_DEVICE_FAMILY = 1;
			};
			name = Release;
		};
		GGNSE0000000000000000E /* Debug */ = {
			isa = XCBuildConfiguration;
			buildSettings = {
				ALWAYS_EMBED_SWIFT_STANDARD_LIBRARIES = NO;
				CODE_SIGN_ENTITLEMENTS = GojoGoNotificationService/GojoGoNotificationService.entitlements;
				CODE_SIGN_STYLE = Automatic;
				CURRENT_PROJECT_VERSION = 33;
				DEVELOPMENT_TEAM = T8348X4CNY;
				GENERATE_INFOPLIST_FILE = NO;
				INFOPLIST_FILE = GojoGoNotificationService/Info.plist;
				IPHONEOS_DEPLOYMENT_TARGET = 17.0;
				LD_RUNPATH_SEARCH_PATHS = (
					"$(inherited)",
					"@executable_path/Frameworks",
					"@executable_path/../../Frameworks",
				);
				"LIBRARY_SEARCH_PATHS[sdk=iphoneos*]" = (
					"$(inherited)",
					"$(PROJECT_DIR)/Vendor/LibSignalClient/lib/device",
				);
				"LIBRARY_SEARCH_PATHS[sdk=iphonesimulator*]" = (
					"$(inherited)",
					"$(PROJECT_DIR)/Vendor/LibSignalClient/lib/simulator",
				);
				MARKETING_VERSION = 1.0.0;
				PRODUCT_BUNDLE_IDENTIFIER = com.gojo.gojogo.NotificationService;
				PRODUCT_NAME = "$(TARGET_NAME)";
				SKIP_INSTALL = YES;
				SUPPORTED_PLATFORMS = "iphoneos iphonesimulator";
				SUPPORTS_MACCATALYST = NO;
				SUPPORTS_MAC_DESIGNED_FOR_IPHONE_IPAD = NO;
				SUPPORTS_XR_DESIGNED_FOR_IPHONE_IPAD = NO;
				SWIFT_EMIT_LOC_STRINGS = YES;
				SWIFT_VERSION = 5.0;
				TARGETED_DEVICE_FAMILY = 1;
			};
			name = Debug;
		};
		GGNSE0000000000000000F /* Release */ = {
			isa = XCBuildConfiguration;
			buildSettings = {
				ALWAYS_EMBED_SWIFT_STANDARD_LIBRARIES = NO;
				CODE_SIGN_ENTITLEMENTS = GojoGoNotificationService/GojoGoNotificationService.entitlements;
				CODE_SIGN_STYLE = Automatic;
				CURRENT_PROJECT_VERSION = 33;
				DEVELOPMENT_TEAM = T8348X4CNY;
				GENERATE_INFOPLIST_FILE = NO;
				INFOPLIST_FILE = GojoGoNotificationService/Info.plist;
				IPHONEOS_DEPLOYMENT_TARGET = 17.0;
				LD_RUNPATH_SEARCH_PATHS = (
					"$(inherited)",
					"@executable_path/Frameworks",
					"@executable_path/../../Frameworks",
				);
				"LIBRARY_SEARCH_PATHS[sdk=iphoneos*]" = (
					"$(inherited)",
					"$(PROJECT_DIR)/Vendor/LibSignalClient/lib/device",
				);
				"LIBRARY_SEARCH_PATHS[sdk=iphonesimulator*]" = (
					"$(inherited)",
					"$(PROJECT_DIR)/Vendor/LibSignalClient/lib/simulator",
				);
				MARKETING_VERSION = 1.0.0;
				PRODUCT_BUNDLE_IDENTIFIER = com.gojo.gojogo.NotificationService;
				PRODUCT_NAME = "$(TARGET_NAME)";
				SKIP_INSTALL = YES;
				SUPPORTED_PLATFORMS = "iphoneos iphonesimulator";
				SUPPORTS_MACCATALYST = NO;
				SUPPORTS_MAC_DESIGNED_FOR_IPHONE_IPAD = NO;
				SUPPORTS_XR_DESIGNED_FOR_IPHONE_IPAD = NO;
				SWIFT_EMIT_LOC_STRINGS = YES;
				SWIFT_VERSION = 5.0;
				TARGETED_DEVICE_FAMILY = 1;
			};
			name = Release;
		};
/* End XCBuildConfiguration section */

/* Begin XCConfigurationList section */
		GG00000000000000000009 /* Build configuration list for PBXNativeTarget "GojoGo" */ = {
			isa = XCConfigurationList;
			buildConfigurations = (
				GG0000000000000000000D /* Debug */,
				GG0000000000000000000E /* Release */,
			);
			defaultConfigurationIsVisible = 0;
			defaultConfigurationName = Release;
		};
		GG0000000000000000000A /* Build configuration list for PBXProject "GojoGo" */ = {
			isa = XCConfigurationList;
			buildConfigurations = (
				GG0000000000000000000B /* Debug */,
				GG0000000000000000000C /* Release */,
			);
			defaultConfigurationIsVisible = 0;
			defaultConfigurationName = Release;
		};
		GGNSE0000000000000000A /* Build configuration list for PBXNativeTarget "GojoGoNotificationService" */ = {
			isa = XCConfigurationList;
			buildConfigurations = (
				GGNSE0000000000000000E /* Debug */,
				GGNSE0000000000000000F /* Release */,
			);
			defaultConfigurationIsVisible = 0;
			defaultConfigurationName = Release;
		};
/* End XCConfigurationList section */

/* Begin XCLocalSwiftPackageReference section */
		GGSIGNAL000000000000003 /* XCLocalSwiftPackageReference "Vendor/LibSignalClient" */ = {
			isa = XCLocalSwiftPackageReference;
			relativePath = Vendor/LibSignalClient;
		};
/* End XCLocalSwiftPackageReference section */

/* Begin XCRemoteSwiftPackageReference section */
		GGMAPBOX000000000000003 /* XCRemoteSwiftPackageReference "mapbox-maps-ios" */ = {
			isa = XCRemoteSwiftPackageReference;
			repositoryURL = "https://github.com/mapbox/mapbox-maps-ios.git";
			requirement = {
				kind = upToNextMajorVersion;
				minimumVersion = 11.0.0;
			};
		};
		GGSUMSUB000000000000003 /* XCRemoteSwiftPackageReference "IdensicMobileSDK-iOS" */ = {
			isa = XCRemoteSwiftPackageReference;
			repositoryURL = "https://github.com/SumSubstance/IdensicMobileSDK-iOS.git";
			requirement = {
				kind = upToNextMinorVersion;
				minimumVersion = 1.45.1;
			};
		};
/* End XCRemoteSwiftPackageReference section */

/* Begin XCSwiftPackageProductDependency section */
		GGSIGNAL000000000000002 /* LibSignalClient */ = {
			isa = XCSwiftPackageProductDependency;
			package = GGSIGNAL000000000000003 /* XCLocalSwiftPackageReference "Vendor/LibSignalClient" */;
			productName = LibSignalClient;
		};
		GGMAPBOX000000000000002 /* MapboxMaps */ = {
			isa = XCSwiftPackageProductDependency;
			package = GGMAPBOX000000000000003 /* XCRemoteSwiftPackageReference "mapbox-maps-ios" */;
			productName = MapboxMaps;
		};
		GGSUMSUB000000000000002 /* IdensicMobileSDK */ = {
			isa = XCSwiftPackageProductDependency;
			package = GGSUMSUB000000000000003 /* XCRemoteSwiftPackageReference "IdensicMobileSDK-iOS" */;
			productName = IdensicMobileSDK;
		};
		GGNSE00000000000000002 /* LibSignalClient */ = {
			isa = XCSwiftPackageProductDependency;
			package = GGSIGNAL000000000000003 /* XCLocalSwiftPackageReference "Vendor/LibSignalClient" */;
			productName = LibSignalClient;
		};
/* End XCSwiftPackageProductDependency section */
	};
	rootObject = GG00000000000000000000 /* Project object */;
}
